// !$*UTF8*$!
{
	archiveVersion = 1;
	classes = {
	};
	objectVersion = 50;
	objects = {

/* Begin PBXBuildFile section */
		E8044C3325E2E0FD00669210 /* AppDelegate.swift in Sources */ = {isa = PBXBuildFile; fileRef = E8044C3225E2E0FD00669210 /* AppDelegate.swift */; };
		E8044C3525E2E0FD00669210 /* SceneDelegate.swift in Sources */ = {isa = PBXBuildFile; fileRef = E8044C3425E2E0FD00669210 /* SceneDelegate.swift */; };
		E8044C3725E2E0FD00669210 /* FirstTaskViewController.swift in Sources */ = {isa = PBXBuildFile; fileRef = E8044C3625E2E0FD00669210 /* FirstTaskViewController.swift */; };
		E8044C3A25E2E0FD00669210 /* Main.storyboard in Resources */ = {isa = PBXBuildFile; fileRef = E8044C3825E2E0FD00669210 /* Main.storyboard */; };
		E8044C3C25E2E0FF00669210 /* Assets.xcassets in Resources */ = {isa = PBXBuildFile; fileRef = E8044C3B25E2E0FF00669210 /* Assets.xcassets */; };
		E8044C3F25E2E0FF00669210 /* LaunchScreen.storyboard in Resources */ = {isa = PBXBuildFile; fileRef = E8044C3D25E2E0FF00669210 /* LaunchScreen.storyboard */; };
		E8044C4A25E2E5BC00669210 /* FirstTask.swift in Sources */ = {isa = PBXBuildFile; fileRef = E8044C4925E2E5BC00669210 /* FirstTask.swift */; };
		E8044C5125E2E66600669210 /* IntroductionCoordinator.swift in Sources */ = {isa = PBXBuildFile; fileRef = E8044C5025E2E66600669210 /* IntroductionCoordinator.swift */; };
		E8044C5725E2EB8D00669210 /* FirstTaskPresenter.swift in Sources */ = {isa = PBXBuildFile; fileRef = E8044C5625E2EB8D00669210 /* FirstTaskPresenter.swift */; };
		E816587425E428BF0014EA83 /* PostsPresenter.swift in Sources */ = {isa = PBXBuildFile; fileRef = E816587325E428BF0014EA83 /* PostsPresenter.swift */; };
		E816587C25E43A2D0014EA83 /* PostsViewController.swift in Sources */ = {isa = PBXBuildFile; fileRef = E816587B25E43A2D0014EA83 /* PostsViewController.swift */; };
		E83A471025E46AA4001110BA /* MainFlowCoordinator.swift in Sources */ = {isa = PBXBuildFile; fileRef = E83A470F25E46AA4001110BA /* MainFlowCoordinator.swift */; };
		E8719C9725E40B6D0013FD2D /* PostCell.swift in Sources */ = {isa = PBXBuildFile; fileRef = E8719C9625E40B6D0013FD2D /* PostCell.swift */; };
		E8719C9B25E415E20013FD2D /* Post.swift in Sources */ = {isa = PBXBuildFile; fileRef = E8719C9A25E415E20013FD2D /* Post.swift */; };
		E8719CA225E423000013FD2D /* PostsService.swift in Sources */ = {isa = PBXBuildFile; fileRef = E8719CA125E423000013FD2D /* PostsService.swift */; };
		E8A0A83B25E3BD5400A17691 /* SecondTaskViewController.swift in Sources */ = {isa = PBXBuildFile; fileRef = E8A0A83A25E3BD5400A17691 /* SecondTaskViewController.swift */; };
		E8A0A83E25E3BD6900A17691 /* SecondTaskPresenter.swift in Sources */ = {isa = PBXBuildFile; fileRef = E8A0A83D25E3BD6900A17691 /* SecondTaskPresenter.swift */; };
		E8C4C24E25E2EDEE00C1635A /* FirstTaskService.swift in Sources */ = {isa = PBXBuildFile; fileRef = E8C4C24D25E2EDEE00C1635A /* FirstTaskService.swift */; };
/* End PBXBuildFile section */

/* Begin PBXFileReference section */
		E8044C2F25E2E0FD00669210 /* MathMems.app */ = {isa = PBXFileReference; explicitFileType = wrapper.application; includeInIndex = 0; path = MathMems.app; sourceTree = BUILT_PRODUCTS_DIR; };
		E8044C3225E2E0FD00669210 /* AppDelegate.swift */ = {isa = PBXFileReference; lastKnownFileType = sourcecode.swift; path = AppDelegate.swift; sourceTree = "<group>"; };
		E8044C3425E2E0FD00669210 /* SceneDelegate.swift */ = {isa = PBXFileReference; lastKnownFileType = sourcecode.swift; path = SceneDelegate.swift; sourceTree = "<group>"; };
		E8044C3625E2E0FD00669210 /* FirstTaskViewController.swift */ = {isa = PBXFileReference; lastKnownFileType = sourcecode.swift; path = FirstTaskViewController.swift; sourceTree = "<group>"; };
		E8044C3925E2E0FD00669210 /* Base */ = {isa = PBXFileReference; lastKnownFileType = file.storyboard; name = Base; path = Base.lproj/Main.storyboard; sourceTree = "<group>"; };
		E8044C3B25E2E0FF00669210 /* Assets.xcassets */ = {isa = PBXFileReference; lastKnownFileType = folder.assetcatalog; path = Assets.xcassets; sourceTree = "<group>"; };
		E8044C3E25E2E0FF00669210 /* Base */ = {isa = PBXFileReference; lastKnownFileType = file.storyboard; name = Base; path = Base.lproj/LaunchScreen.storyboard; sourceTree = "<group>"; };
		E8044C4025E2E0FF00669210 /* Info.plist */ = {isa = PBXFileReference; lastKnownFileType = text.plist.xml; path = Info.plist; sourceTree = "<group>"; };
		E8044C4925E2E5BC00669210 /* FirstTask.swift */ = {isa = PBXFileReference; lastKnownFileType = sourcecode.swift; path = FirstTask.swift; sourceTree = "<group>"; };
		E8044C5025E2E66600669210 /* IntroductionCoordinator.swift */ = {isa = PBXFileReference; lastKnownFileType = sourcecode.swift; path = IntroductionCoordinator.swift; sourceTree = "<group>"; };
		E8044C5625E2EB8D00669210 /* FirstTaskPresenter.swift */ = {isa = PBXFileReference; lastKnownFileType = sourcecode.swift; path = FirstTaskPresenter.swift; sourceTree = "<group>"; };
		E816587325E428BF0014EA83 /* PostsPresenter.swift */ = {isa = PBXFileReference; lastKnownFileType = sourcecode.swift; path = PostsPresenter.swift; sourceTree = "<group>"; };
		E816587B25E43A2D0014EA83 /* PostsViewController.swift */ = {isa = PBXFileReference; lastKnownFileType = sourcecode.swift; path = PostsViewController.swift; sourceTree = "<group>"; };
		E83A470F25E46AA4001110BA /* MainFlowCoordinator.swift */ = {isa = PBXFileReference; lastKnownFileType = sourcecode.swift; path = MainFlowCoordinator.swift; sourceTree = "<group>"; };
		E8719C9625E40B6D0013FD2D /* PostCell.swift */ = {isa = PBXFileReference; lastKnownFileType = sourcecode.swift; path = PostCell.swift; sourceTree = "<group>"; };
		E8719C9A25E415E20013FD2D /* Post.swift */ = {isa = PBXFileReference; lastKnownFileType = sourcecode.swift; path = Post.swift; sourceTree = "<group>"; };
		E8719CA125E423000013FD2D /* PostsService.swift */ = {isa = PBXFileReference; lastKnownFileType = sourcecode.swift; path = PostsService.swift; sourceTree = "<group>"; };
		E8A0A83A25E3BD5400A17691 /* SecondTaskViewController.swift */ = {isa = PBXFileReference; lastKnownFileType = sourcecode.swift; path = SecondTaskViewController.swift; sourceTree = "<group>"; };
		E8A0A83D25E3BD6900A17691 /* SecondTaskPresenter.swift */ = {isa = PBXFileReference; lastKnownFileType = sourcecode.swift; path = SecondTaskPresenter.swift; sourceTree = "<group>"; };
		E8C4C24D25E2EDEE00C1635A /* FirstTaskService.swift */ = {isa = PBXFileReference; lastKnownFileType = sourcecode.swift; path = FirstTaskService.swift; sourceTree = "<group>"; };
/* End PBXFileReference section */

/* Begin PBXFrameworksBuildPhase section */
		E8044C2C25E2E0FD00669210 /* Frameworks */ = {
			isa = PBXFrameworksBuildPhase;
			buildActionMask = 2147483647;
			files = (
			);
			runOnlyForDeploymentPostprocessing = 0;
		};
/* End PBXFrameworksBuildPhase section */

/* Begin PBXGroup section */
		E8044C2625E2E0FD00669210 = {
			isa = PBXGroup;
			children = (
				E8044C3125E2E0FD00669210 /* MathMems */,
				E8044C3025E2E0FD00669210 /* Products */,
			);
			sourceTree = "<group>";
		};
		E8044C3025E2E0FD00669210 /* Products */ = {
			isa = PBXGroup;
			children = (
				E8044C2F25E2E0FD00669210 /* MathMems.app */,
			);
			name = Products;
			sourceTree = "<group>";
		};
		E8044C3125E2E0FD00669210 /* MathMems */ = {
			isa = PBXGroup;
			children = (
				E8719C9525E40B480013FD2D /* View */,
				E8044C4825E2E57800669210 /* Model */,
				E8044C4D25E2E60000669210 /* Presentation */,
				E8044C3225E2E0FD00669210 /* AppDelegate.swift */,
				E8044C3425E2E0FD00669210 /* SceneDelegate.swift */,
				E8044C3825E2E0FD00669210 /* Main.storyboard */,
				E8044C3B25E2E0FF00669210 /* Assets.xcassets */,
				E8044C3D25E2E0FF00669210 /* LaunchScreen.storyboard */,
				E8044C4025E2E0FF00669210 /* Info.plist */,
			);
			path = MathMems;
			sourceTree = "<group>";
		};
		E8044C4825E2E57800669210 /* Model */ = {
			isa = PBXGroup;
			children = (
				E8C4C24C25E2EDC900C1635A /* Services */,
				E8044C4925E2E5BC00669210 /* FirstTask.swift */,
				E8719C9A25E415E20013FD2D /* Post.swift */,
			);
			path = Model;
			sourceTree = "<group>";
		};
		E8044C4D25E2E60000669210 /* Presentation */ = {
			isa = PBXGroup;
			children = (
				E8719C9225E3FFAF0013FD2D /* Posts */,
				E8044C4E25E2E63E00669210 /* Introduction */,
			);
			path = Presentation;
			sourceTree = "<group>";
		};
		E8044C4E25E2E63E00669210 /* Introduction */ = {
			isa = PBXGroup;
			children = (
				E8044C5025E2E66600669210 /* IntroductionCoordinator.swift */,
				E83A470C25E46A45001110BA /* Presenters */,
				E8044C4F25E2E64700669210 /* ViewControllers */,
			);
			path = Introduction;
			sourceTree = "<group>";
		};
		E8044C4F25E2E64700669210 /* ViewControllers */ = {
			isa = PBXGroup;
			children = (
				E8044C3625E2E0FD00669210 /* FirstTaskViewController.swift */,
				E8A0A83A25E3BD5400A17691 /* SecondTaskViewController.swift */,
			);
			path = ViewControllers;
			sourceTree = "<group>";
		};
		E83A470C25E46A45001110BA /* Presenters */ = {
			isa = PBXGroup;
			children = (
				E8044C5625E2EB8D00669210 /* FirstTaskPresenter.swift */,
				E8A0A83D25E3BD6900A17691 /* SecondTaskPresenter.swift */,
			);
			path = Presenters;
			sourceTree = "<group>";
		};
		E83A470D25E46A69001110BA /* ViewControllers */ = {
			isa = PBXGroup;
			children = (
				E816587B25E43A2D0014EA83 /* PostsViewController.swift */,
			);
			path = ViewControllers;
			sourceTree = "<group>";
		};
		E83A470E25E46A7F001110BA /* Presenters */ = {
			isa = PBXGroup;
			children = (
				E816587325E428BF0014EA83 /* PostsPresenter.swift */,
			);
			path = Presenters;
			sourceTree = "<group>";
		};
		E8719C9225E3FFAF0013FD2D /* Posts */ = {
			isa = PBXGroup;
			children = (
				E83A470F25E46AA4001110BA /* MainFlowCoordinator.swift */,
				E83A470E25E46A7F001110BA /* Presenters */,
				E83A470D25E46A69001110BA /* ViewControllers */,
			);
			path = Posts;
			sourceTree = "<group>";
		};
		E8719C9525E40B480013FD2D /* View */ = {
			isa = PBXGroup;
			children = (
				E8719C9625E40B6D0013FD2D /* PostCell.swift */,
			);
			path = View;
			sourceTree = "<group>";
		};
		E8C4C24C25E2EDC900C1635A /* Services */ = {
			isa = PBXGroup;
			children = (
				E8C4C24D25E2EDEE00C1635A /* FirstTaskService.swift */,
				E8719CA125E423000013FD2D /* PostsService.swift */,
			);
			path = Services;
			sourceTree = "<group>";
		};
/* End PBXGroup section */

/* Begin PBXNativeTarget section */
		E8044C2E25E2E0FD00669210 /* MathMems */ = {
			isa = PBXNativeTarget;
			buildConfigurationList = E8044C4325E2E0FF00669210 /* Build configuration list for PBXNativeTarget "MathMems" */;
			buildPhases = (
				E8044C2B25E2E0FD00669210 /* Sources */,
				E8044C2C25E2E0FD00669210 /* Frameworks */,
				E8044C2D25E2E0FD00669210 /* Resources */,
			);
			buildRules = (
			);
			dependencies = (
			);
			name = MathMems;
			productName = MathMems;
			productReference = E8044C2F25E2E0FD00669210 /* MathMems.app */;
			productType = "com.apple.product-type.application";
		};
/* End PBXNativeTarget section */

/* Begin PBXProject section */
		E8044C2725E2E0FD00669210 /* Project object */ = {
			isa = PBXProject;
			attributes = {
				LastSwiftUpdateCheck = 1240;
				LastUpgradeCheck = 1240;
				TargetAttributes = {
					E8044C2E25E2E0FD00669210 = {
						CreatedOnToolsVersion = 12.4;
					};
				};
			};
			buildConfigurationList = E8044C2A25E2E0FD00669210 /* Build configuration list for PBXProject "MathMems" */;
			compatibilityVersion = "Xcode 9.3";
			developmentRegion = en;
			hasScannedForEncodings = 0;
			knownRegions = (
				en,
				Base,
			);
			mainGroup = E8044C2625E2E0FD00669210;
			productRefGroup = E8044C3025E2E0FD00669210 /* Products */;
			projectDirPath = "";
			projectRoot = "";
			targets = (
				E8044C2E25E2E0FD00669210 /* MathMems */,
			);
		};
/* End PBXProject section */

/* Begin PBXResourcesBuildPhase section */
		E8044C2D25E2E0FD00669210 /* Resources */ = {
			isa = PBXResourcesBuildPhase;
			buildActionMask = 2147483647;
			files = (
				E8044C3F25E2E0FF00669210 /* LaunchScreen.storyboard in Resources */,
				E8044C3C25E2E0FF00669210 /* Assets.xcassets in Resources */,
				E8044C3A25E2E0FD00669210 /* Main.storyboard in Resources */,
			);
			runOnlyForDeploymentPostprocessing = 0;
		};
/* End PBXResourcesBuildPhase section */

/* Begin PBXSourcesBuildPhase section */
		E8044C2B25E2E0FD00669210 /* Sources */ = {
			isa = PBXSourcesBuildPhase;
			buildActionMask = 2147483647;
			files = (
				E816587C25E43A2D0014EA83 /* PostsViewController.swift in Sources */,
				E8044C5125E2E66600669210 /* IntroductionCoordinator.swift in Sources */,
				E8719C9B25E415E20013FD2D /* Post.swift in Sources */,
				E8C4C24E25E2EDEE00C1635A /* FirstTaskService.swift in Sources */,
				E8044C3725E2E0FD00669210 /* FirstTaskViewController.swift in Sources */,
				E816587425E428BF0014EA83 /* PostsPresenter.swift in Sources */,
				E83A471025E46AA4001110BA /* MainFlowCoordinator.swift in Sources */,
				E8044C5725E2EB8D00669210 /* FirstTaskPresenter.swift in Sources */,
				E8044C4A25E2E5BC00669210 /* FirstTask.swift in Sources */,
				E8044C3325E2E0FD00669210 /* AppDelegate.swift in Sources */,
				E8044C3525E2E0FD00669210 /* SceneDelegate.swift in Sources */,
				E8A0A83E25E3BD6900A17691 /* SecondTaskPresenter.swift in Sources */,
				E8A0A83B25E3BD5400A17691 /* SecondTaskViewController.swift in Sources */,
				E8719CA225E423000013FD2D /* PostsService.swift in Sources */,
				E8719C9725E40B6D0013FD2D /* PostCell.swift in Sources */,
			);
			runOnlyForDeploymentPostprocessing = 0;
		};
/* End PBXSourcesBuildPhase section */

/* Begin PBXVariantGroup section */
		E8044C3825E2E0FD00669210 /* Main.storyboard */ = {
			isa = PBXVariantGroup;
			children = (
				E8044C3925E2E0FD00669210 /* Base */,
			);
			name = Main.storyboard;
			sourceTree = "<group>";
		};
		E8044C3D25E2E0FF00669210 /* LaunchScreen.storyboard */ = {
			isa = PBXVariantGroup;
			children = (
				E8044C3E25E2E0FF00669210 /* Base */,
			);
			name = LaunchScreen.storyboard;
			sourceTree = "<group>";
		};
/* End PBXVariantGroup section */

/* Begin XCBuildConfiguration section */
		E8044C4125E2E0FF00669210 /* Debug */ = {
			isa = XCBuildConfiguration;
			buildSettings = {
				ALWAYS_SEARCH_USER_PATHS = NO;
				CLANG_ANALYZER_NONNULL = YES;
				CLANG_ANALYZER_NUMBER_OBJECT_CONVERSION = YES_AGGRESSIVE;
				CLANG_CXX_LANGUAGE_STANDARD = "gnu++14";
				CLANG_CXX_LIBRARY = "libc++";
				CLANG_ENABLE_MODULES = YES;
				CLANG_ENABLE_OBJC_ARC = YES;
				CLANG_ENABLE_OBJC_WEAK = YES;
				CLANG_WARN_BLOCK_CAPTURE_AUTORELEASING = YES;
				CLANG_WARN_BOOL_CONVERSION = YES;
				CLANG_WARN_COMMA = YES;
				CLANG_WARN_CONSTANT_CONVERSION = YES;
				CLANG_WARN_DEPRECATED_OBJC_IMPLEMENTATIONS = YES;
				CLANG_WARN_DIRECT_OBJC_ISA_USAGE = YES_ERROR;
				CLANG_WARN_DOCUMENTATION_COMMENTS = YES;
				CLANG_WARN_EMPTY_BODY = YES;
				CLANG_WARN_ENUM_CONVERSION = YES;
				CLANG_WARN_INFINITE_RECURSION = YES;
				CLANG_WARN_INT_CONVERSION = YES;
				CLANG_WARN_NON_LITERAL_NULL_CONVERSION = YES;
				CLANG_WARN_OBJC_IMPLICIT_RETAIN_SELF = YES;
				CLANG_WARN_OBJC_LITERAL_CONVERSION = YES;
				CLANG_WARN_OBJC_ROOT_CLASS = YES_ERROR;
				CLANG_WARN_QUOTED_INCLUDE_IN_FRAMEWORK_HEADER = YES;
				CLANG_WARN_RANGE_LOOP_ANALYSIS = YES;
				CLANG_WARN_STRICT_PROTOTYPES = YES;
				CLANG_WARN_SUSPICIOUS_MOVE = YES;
				CLANG_WARN_UNGUARDED_AVAILABILITY = YES_AGGRESSIVE;
				CLANG_WARN_UNREACHABLE_CODE = YES;
				CLANG_WARN__DUPLICATE_METHOD_MATCH = YES;
				COPY_PHASE_STRIP = NO;
				DEBUG_INFORMATION_FORMAT = dwarf;
				ENABLE_STRICT_OBJC_MSGSEND = YES;
				ENABLE_TESTABILITY = YES;
				GCC_C_LANGUAGE_STANDARD = gnu11;
				GCC_DYNAMIC_NO_PIC = NO;
				GCC_NO_COMMON_BLOCKS = YES;
				GCC_OPTIMIZATION_LEVEL = 0;
				GCC_PREPROCESSOR_DEFINITIONS = (
					"DEBUG=1",
					"$(inherited)",
				);
				GCC_WARN_64_TO_32_BIT_CONVERSION = YES;
				GCC_WARN_ABOUT_RETURN_TYPE = YES_ERROR;
				GCC_WARN_UNDECLARED_SELECTOR = YES;
				GCC_WARN_UNINITIALIZED_AUTOS = YES_AGGRESSIVE;
				GCC_WARN_UNUSED_FUNCTION = YES;
				GCC_WARN_UNUSED_VARIABLE = YES;
				IPHONEOS_DEPLOYMENT_TARGET = 14.4;
				MTL_ENABLE_DEBUG_INFO = INCLUDE_SOURCE;
				MTL_FAST_MATH = YES;
				ONLY_ACTIVE_ARCH = YES;
				SDKROOT = iphoneos;
				SWIFT_ACTIVE_COMPILATION_CONDITIONS = DEBUG;
				SWIFT_OPTIMIZATION_LEVEL = "-Onone";
			};
			name = Debug;
		};
		E8044C4225E2E0FF00669210 /* Release */ = {
			isa = XCBuildConfiguration;
			buildSettings = {
				ALWAYS_SEARCH_USER_PATHS = NO;
				CLANG_ANALYZER_NONNULL = YES;
				CLANG_ANALYZER_NUMBER_OBJECT_CONVERSION = YES_AGGRESSIVE;
				CLANG_CXX_LANGUAGE_STANDARD = "gnu++14";
				CLANG_CXX_LIBRARY = "libc++";
				CLANG_ENABLE_MODULES = YES;
				CLANG_ENABLE_OBJC_ARC = YES;
				CLANG_ENABLE_OBJC_WEAK = YES;
				CLANG_WARN_BLOCK_CAPTURE_AUTORELEASING = YES;
				CLANG_WARN_BOOL_CONVERSION = YES;
				CLANG_WARN_COMMA = YES;
				CLANG_WARN_CONSTANT_CONVERSION = YES;
				CLANG_WARN_DEPRECATED_OBJC_IMPLEMENTATIONS = YES;
				CLANG_WARN_DIRECT_OBJC_ISA_USAGE = YES_ERROR;
				CLANG_WARN_DOCUMENTATION_COMMENTS = YES;
				CLANG_WARN_EMPTY_BODY = YES;
				CLANG_WARN_ENUM_CONVERSION = YES;
				CLANG_WARN_INFINITE_RECURSION = YES;
				CLANG_WARN_INT_CONVERSION = YES;
				CLANG_WARN_NON_LITERAL_NULL_CONVERSION = YES;
				CLANG_WARN_OBJC_IMPLICIT_RETAIN_SELF = YES;
				CLANG_WARN_OBJC_LITERAL_CONVERSION = YES;
				CLANG_WARN_OBJC_ROOT_CLASS = YES_ERROR;
				CLANG_WARN_QUOTED_INCLUDE_IN_FRAMEWORK_HEADER = YES;
				CLANG_WARN_RANGE_LOOP_ANALYSIS = YES;
				CLANG_WARN_STRICT_PROTOTYPES = YES;
				CLANG_WARN_SUSPICIOUS_MOVE = YES;
				CLANG_WARN_UNGUARDED_AVAILABILITY = YES_AGGRESSIVE;
				CLANG_WARN_UNREACHABLE_CODE = YES;
				CLANG_WARN__DUPLICATE_METHOD_MATCH = YES;
				COPY_PHASE_STRIP = NO;
				DEBUG_INFORMATION_FORMAT = "dwarf-with-dsym";
				ENABLE_NS_ASSERTIONS = NO;
				ENABLE_STRICT_OBJC_MSGSEND = YES;
				GCC_C_LANGUAGE_STANDARD = gnu11;
				GCC_NO_COMMON_BLOCKS = YES;
				GCC_WARN_64_TO_32_BIT_CONVERSION = YES;
				GCC_WARN_ABOUT_RETURN_TYPE = YES_ERROR;
				GCC_WARN_UNDECLARED_SELECTOR = YES;
				GCC_WARN_UNINITIALIZED_AUTOS = YES_AGGRESSIVE;
				GCC_WARN_UNUSED_FUNCTION = YES;
				GCC_WARN_UNUSED_VARIABLE = YES;
				IPHONEOS_DEPLOYMENT_TARGET = 14.4;
				MTL_ENABLE_DEBUG_INFO = NO;
				MTL_FAST_MATH = YES;
				SDKROOT = iphoneos;
				SWIFT_COMPILATION_MODE = wholemodule;
				SWIFT_OPTIMIZATION_LEVEL = "-O";
				VALIDATE_PRODUCT = YES;
			};
			name = Release;
		};
		E8044C4425E2E0FF00669210 /* Debug */ = {
			isa = XCBuildConfiguration;
			buildSettings = {
				ASSETCATALOG_COMPILER_APPICON_NAME = AppIcon;
				ASSETCATALOG_COMPILER_GLOBAL_ACCENT_COLOR_NAME = AccentColor;
				CODE_SIGN_STYLE = Automatic;
				INFOPLIST_FILE = MathMems/Info.plist;
				LD_RUNPATH_SEARCH_PATHS = (
					"$(inherited)",
					"@executable_path/Frameworks",
				);
				PRODUCT_BUNDLE_IDENTIFIER = com.MathMems;
				PRODUCT_NAME = "$(TARGET_NAME)";
				SWIFT_VERSION = 5.0;
				TARGETED_DEVICE_FAMILY = "1,2";
			};
			name = Debug;
		};
		E8044C4525E2E0FF00669210 /* Release */ = {
			isa = XCBuildConfiguration;
			buildSettings = {
				ASSETCATALOG_COMPILER_APPICON_NAME = AppIcon;
				ASSETCATALOG_COMPILER_GLOBAL_ACCENT_COLOR_NAME = AccentColor;
				CODE_SIGN_STYLE = Automatic;
				INFOPLIST_FILE = MathMems/Info.plist;
				LD_RUNPATH_SEARCH_PATHS = (
					"$(inherited)",
					"@executable_path/Frameworks",
				);
				PRODUCT_BUNDLE_IDENTIFIER = com.MathMems;
				PRODUCT_NAME = "$(TARGET_NAME)";
				SWIFT_VERSION = 5.0;
				TARGETED_DEVICE_FAMILY = "1,2";
			};
			name = Release;
		};
/* End XCBuildConfiguration section */

/* Begin XCConfigurationList section */
		E8044C2A25E2E0FD00669210 /* Build configuration list for PBXProject "MathMems" */ = {
			isa = XCConfigurationList;
			buildConfigurations = (
				E8044C4125E2E0FF00669210 /* Debug */,
				E8044C4225E2E0FF00669210 /* Release */,
			);
			defaultConfigurationIsVisible = 0;
			defaultConfigurationName = Release;
		};
		E8044C4325E2E0FF00669210 /* Build configuration list for PBXNativeTarget "MathMems" */ = {
			isa = XCConfigurationList;
			buildConfigurations = (
				E8044C4425E2E0FF00669210 /* Debug */,
				E8044C4525E2E0FF00669210 /* Release */,
			);
			defaultConfigurationIsVisible = 0;
			defaultConfigurationName = Release;
		};
/* End XCConfigurationList section */
	};
	rootObject = E8044C2725E2E0FD00669210 /* Project object */;
}
